
Microsoft Visual Studio Solution File, Format Version 12.00
# Visual Studio Version 17
VisualStudioVersion = 17.8.34511.84
MinimumVisualStudioVersion = 10.0.40219.1
Project("{FAE04EC0-301F-11D3-BF4B-00C04F79EFBC}") = "Labb6-XUnit-Acceptanstestning", "Labb6-XUnit-Acceptanstestning\Labb6-XUnit-Acceptanstestning.csproj", "{8BEB5994-8296-4D7A-A66F-50734BF009D7}"
EndProject
Project("{FAE04EC0-301F-11D3-BF4B-00C04F79EFBC}") = "XUnit-Calculator-Tests", "XUnit-Calculator-Tests\XUnit-Calculator-Tests.csproj", "{10A33B0C-3EF8-40E9-BA85-441F830B6F0E}"
EndProject
Global
	GlobalSection(SolutionConfigurationPlatforms) = preSolution
		Debug|Any CPU = Debug|Any CPU
		Release|Any CPU = Release|Any CPU
	EndGlobalSection
	GlobalSection(ProjectConfigurationPlatforms) = postSolution
		{8BEB5994-8296-4D7A-A66F-50734BF009D7}.Debug|Any CPU.ActiveCfg = Debug|Any CPU
		{8BEB5994-8296-4D7A-A66F-50734BF009D7}.Debug|Any CPU.Build.0 = Debug|Any CPU
		{8BEB5994-8296-4D7A-A66F-50734BF009D7}.Release|Any CPU.ActiveCfg = Release|Any CPU
		{8BEB5994-8296-4D7A-A66F-50734BF009D7}.Release|Any CPU.Build.0 = Release|Any CPU
		{10A33B0C-3EF8-40E9-BA85-441F830B6F0E}.Debug|Any CPU.ActiveCfg = Debug|Any CPU
		{10A33B0C-3EF8-40E9-BA85-441F830B6F0E}.Debug|Any CPU.Build.0 = Debug|Any CPU
		{10A33B0C-3EF8-40E9-BA85-441F830B6F0E}.Release|Any CPU.ActiveCfg = Release|Any CPU
		{10A33B0C-3EF8-40E9-BA85-441F830B6F0E}.Release|Any CPU.Build.0 = Release|Any CPU
	EndGlobalSection
	GlobalSection(SolutionProperties) = preSolution
		HideSolutionNode = FALSE
	EndGlobalSection
	GlobalSection(ExtensibilityGlobals) = postSolution
		SolutionGuid = {C95CEADD-42EC-4804-9D61-40BB5E780B5C}
	EndGlobalSection
EndGlobal
